// !$*UTF8*$!
{
	archiveVersion = 1;
	classes = {
	};
	objectVersion = 50;
	objects = {

/* Begin PBXBuildFile section */
		517F6221234E329F00A05205 /* AppDelegate.swift in Sources */ = {isa = PBXBuildFile; fileRef = 517F6220234E329F00A05205 /* AppDelegate.swift */; };
		517F6223234E329F00A05205 /* SceneDelegate.swift in Sources */ = {isa = PBXBuildFile; fileRef = 517F6222234E329F00A05205 /* SceneDelegate.swift */; };
		517F6225234E329F00A05205 /* ContentView.swift in Sources */ = {isa = PBXBuildFile; fileRef = 517F6224234E329F00A05205 /* ContentView.swift */; };
		517F6227234E32A100A05205 /* Assets.xcassets in Resources */ = {isa = PBXBuildFile; fileRef = 517F6226234E32A100A05205 /* Assets.xcassets */; };
		517F622A234E32A100A05205 /* Preview Assets.xcassets in Resources */ = {isa = PBXBuildFile; fileRef = 517F6229234E32A100A05205 /* Preview Assets.xcassets */; };
		517F622D234E32A100A05205 /* LaunchScreen.storyboard in Resources */ = {isa = PBXBuildFile; fileRef = 517F622B234E32A100A05205 /* LaunchScreen.storyboard */; };
		5180DD98234E419D0074AECC /* SettingPageView.swift in Sources */ = {isa = PBXBuildFile; fileRef = 5180DD97234E419D0074AECC /* SettingPageView.swift */; };
		51A2389C235C2B0C00BF5C42 /* UserTouchCircle.swift in Sources */ = {isa = PBXBuildFile; fileRef = 51A2389B235C2B0C00BF5C42 /* UserTouchCircle.swift */; };
		51EF54F3235D5E4C007A9E8D /* MainController.swift in Sources */ = {isa = PBXBuildFile; fileRef = 51EF54F2235D5E4C007A9E8D /* MainController.swift */; };
/* End PBXBuildFile section */

/* Begin PBXFileReference section */
		517F621D234E329F00A05205 /* T!mer.app */ = {isa = PBXFileReference; explicitFileType = wrapper.application; includeInIndex = 0; path = "T!mer.app"; sourceTree = BUILT_PRODUCTS_DIR; };
		517F6220234E329F00A05205 /* AppDelegate.swift */ = {isa = PBXFileReference; lastKnownFileType = sourcecode.swift; path = AppDelegate.swift; sourceTree = "<group>"; };
		517F6222234E329F00A05205 /* SceneDelegate.swift */ = {isa = PBXFileReference; lastKnownFileType = sourcecode.swift; path = SceneDelegate.swift; sourceTree = "<group>"; };
		517F6224234E329F00A05205 /* ContentView.swift */ = {isa = PBXFileReference; lastKnownFileType = sourcecode.swift; path = ContentView.swift; sourceTree = "<group>"; };
		517F6226234E32A100A05205 /* Assets.xcassets */ = {isa = PBXFileReference; lastKnownFileType = folder.assetcatalog; path = Assets.xcassets; sourceTree = "<group>"; };
		517F6229234E32A100A05205 /* Preview Assets.xcassets */ = {isa = PBXFileReference; lastKnownFileType = folder.assetcatalog; path = "Preview Assets.xcassets"; sourceTree = "<group>"; };
		517F622C234E32A100A05205 /* Base */ = {isa = PBXFileReference; lastKnownFileType = file.storyboard; name = Base; path = Base.lproj/LaunchScreen.storyboard; sourceTree = "<group>"; };
		517F622E234E32A100A05205 /* Info.plist */ = {isa = PBXFileReference; lastKnownFileType = text.plist.xml; path = Info.plist; sourceTree = "<group>"; };
		5180DD97234E419D0074AECC /* SettingPageView.swift */ = {isa = PBXFileReference; lastKnownFileType = sourcecode.swift; path = SettingPageView.swift; sourceTree = "<group>"; };
		51A2389B235C2B0C00BF5C42 /* UserTouchCircle.swift */ = {isa = PBXFileReference; lastKnownFileType = sourcecode.swift; path = UserTouchCircle.swift; sourceTree = "<group>"; };
		51EF54F2235D5E4C007A9E8D /* MainController.swift */ = {isa = PBXFileReference; lastKnownFileType = sourcecode.swift; path = MainController.swift; sourceTree = "<group>"; };
/* End PBXFileReference section */

/* Begin PBXFrameworksBuildPhase section */
		517F621A234E329F00A05205 /* Frameworks */ = {
			isa = PBXFrameworksBuildPhase;
			buildActionMask = 2147483647;
			files = (
			);
			runOnlyForDeploymentPostprocessing = 0;
		};
/* End PBXFrameworksBuildPhase section */

/* Begin PBXGroup section */
		517F6214234E329F00A05205 = {
			isa = PBXGroup;
			children = (
				517F621F234E329F00A05205 /* T!mer */,
				517F621E234E329F00A05205 /* Products */,
			);
			sourceTree = "<group>";
		};
		517F621E234E329F00A05205 /* Products */ = {
			isa = PBXGroup;
			children = (
				517F621D234E329F00A05205 /* T!mer.app */,
			);
			name = Products;
			sourceTree = "<group>";
		};
		517F621F234E329F00A05205 /* T!mer */ = {
			isa = PBXGroup;
			children = (
				517F6220234E329F00A05205 /* AppDelegate.swift */,
				517F6222234E329F00A05205 /* SceneDelegate.swift */,
				51EF54F2235D5E4C007A9E8D /* MainController.swift */,
				5180DD99234E41A20074AECC /* View */,
				517F6226234E32A100A05205 /* Assets.xcassets */,
				517F622B234E32A100A05205 /* LaunchScreen.storyboard */,
				517F622E234E32A100A05205 /* Info.plist */,
				517F6228234E32A100A05205 /* Preview Content */,
			);
			path = "T!mer";
			sourceTree = "<group>";
		};
		517F6228234E32A100A05205 /* Preview Content */ = {
			isa = PBXGroup;
			children = (
				517F6229234E32A100A05205 /* Preview Assets.xcassets */,
			);
			path = "Preview Content";
			sourceTree = "<group>";
		};
		5180DD99234E41A20074AECC /* View */ = {
			isa = PBXGroup;
			children = (
				517F6224234E329F00A05205 /* ContentView.swift */,
				51A2389B235C2B0C00BF5C42 /* UserTouchCircle.swift */,
				5180DD97234E419D0074AECC /* SettingPageView.swift */,
			);
			path = View;
			sourceTree = "<group>";
		};
/* End PBXGroup section */

/* Begin PBXNativeTarget section */
		517F621C234E329F00A05205 /* T!mer */ = {
			isa = PBXNativeTarget;
			buildConfigurationList = 517F6231234E32A100A05205 /* Build configuration list for PBXNativeTarget "T!mer" */;
			buildPhases = (
				517F6219234E329F00A05205 /* Sources */,
				517F621A234E329F00A05205 /* Frameworks */,
				517F621B234E329F00A05205 /* Resources */,
			);
			buildRules = (
			);
			dependencies = (
			);
			name = "T!mer";
			productName = "T!mer";
			productReference = 517F621D234E329F00A05205 /* T!mer.app */;
			productType = "com.apple.product-type.application";
		};
/* End PBXNativeTarget section */

/* Begin PBXProject section */
		517F6215234E329F00A05205 /* Project object */ = {
			isa = PBXProject;
			attributes = {
				LastSwiftUpdateCheck = 1100;
				LastUpgradeCheck = 1100;
				ORGANIZATIONNAME = "Aksidion Kreimben";
				TargetAttributes = {
					517F621C234E329F00A05205 = {
						CreatedOnToolsVersion = 11.0;
					};
				};
			};
			buildConfigurationList = 517F6218234E329F00A05205 /* Build configuration list for PBXProject "T!mer" */;
			compatibilityVersion = "Xcode 9.3";
			developmentRegion = en;
			hasScannedForEncodings = 0;
			knownRegions = (
				en,
				Base,
			);
			mainGroup = 517F6214234E329F00A05205;
			productRefGroup = 517F621E234E329F00A05205 /* Products */;
			projectDirPath = "";
			projectRoot = "";
			targets = (
				517F621C234E329F00A05205 /* T!mer */,
			);
		};
/* End PBXProject section */

/* Begin PBXResourcesBuildPhase section */
		517F621B234E329F00A05205 /* Resources */ = {
			isa = PBXResourcesBuildPhase;
			buildActionMask = 2147483647;
			files = (
				517F622D234E32A100A05205 /* LaunchScreen.storyboard in Resources */,
				517F622A234E32A100A05205 /* Preview Assets.xcassets in Resources */,
				517F6227234E32A100A05205 /* Assets.xcassets in Resources */,
			);
			runOnlyForDeploymentPostprocessing = 0;
		};
/* End PBXResourcesBuildPhase section */

/* Begin PBXSourcesBuildPhase section */
		517F6219234E329F00A05205 /* Sources */ = {
			isa = PBXSourcesBuildPhase;
			buildActionMask = 2147483647;
			files = (
				517F6221234E329F00A05205 /* AppDelegate.swift in Sources */,
				51A2389C235C2B0C00BF5C42 /* UserTouchCircle.swift in Sources */,
				517F6223234E329F00A05205 /* SceneDelegate.swift in Sources */,
				5180DD98234E419D0074AECC /* SettingPageView.swift in Sources */,
				517F6225234E329F00A05205 /* ContentView.swift in Sources */,
				51EF54F3235D5E4C007A9E8D /* MainController.swift in Sources */,
			);
			runOnlyForDeploymentPostprocessing = 0;
		};
/* End PBXSourcesBuildPhase section */

/* Begin PBXVariantGroup section */
		517F622B234E32A100A05205 /* LaunchScreen.storyboard */ = {
			isa = PBXVariantGroup;
			children = (
				517F622C234E32A100A05205 /* Base */,
			);
			name = LaunchScreen.storyboard;
			sourceTree = "<group>";
		};
/* End PBXVariantGroup section */

/* Begin XCBuildConfiguration section */
		517F622F234E32A100A05205 /* Debug */ = {
			isa = XCBuildConfiguration;
			buildSettings = {
				ALWAYS_SEARCH_USER_PATHS = NO;
				CLANG_ANALYZER_NONNULL = YES;
				CLANG_ANALYZER_NUMBER_OBJECT_CONVERSION = YES_AGGRESSIVE;
				CLANG_CXX_LANGUAGE_STANDARD = "gnu++14";
				CLANG_CXX_LIBRARY = "libc++";
				CLANG_ENABLE_MODULES = YES;
				CLANG_ENABLE_OBJC_ARC = YES;
				CLANG_ENABLE_OBJC_WEAK = YES;
				CLANG_WARN_BLOCK_CAPTURE_AUTORELEASING = YES;
				CLANG_WARN_BOOL_CONVERSION = YES;
				CLANG_WARN_COMMA = YES;
				CLANG_WARN_CONSTANT_CONVERSION = YES;
				CLANG_WARN_DEPRECATED_OBJC_IMPLEMENTATIONS = YES;
				CLANG_WARN_DIRECT_OBJC_ISA_USAGE = YES_ERROR;
				CLANG_WARN_DOCUMENTATION_COMMENTS = YES;
				CLANG_WARN_EMPTY_BODY = YES;
				CLANG_WARN_ENUM_CONVERSION = YES;
				CLANG_WARN_INFINITE_RECURSION = YES;
				CLANG_WARN_INT_CONVERSION = YES;
				CLANG_WARN_NON_LITERAL_NULL_CONVERSION = YES;
				CLANG_WARN_OBJC_IMPLICIT_RETAIN_SELF = YES;
				CLANG_WARN_OBJC_LITERAL_CONVERSION = YES;
				CLANG_WARN_OBJC_ROOT_CLASS = YES_ERROR;
				CLANG_WARN_RANGE_LOOP_ANALYSIS = YES;
				CLANG_WARN_STRICT_PROTOTYPES = YES;
				CLANG_WARN_SUSPICIOUS_MOVE = YES;
				CLANG_WARN_UNGUARDED_AVAILABILITY = YES_AGGRESSIVE;
				CLANG_WARN_UNREACHABLE_CODE = YES;
				CLANG_WARN__DUPLICATE_METHOD_MATCH = YES;
				COPY_PHASE_STRIP = NO;
				DEBUG_INFORMATION_FORMAT = dwarf;
				ENABLE_STRICT_OBJC_MSGSEND = YES;
				ENABLE_TESTABILITY = YES;
				GCC_C_LANGUAGE_STANDARD = gnu11;
				GCC_DYNAMIC_NO_PIC = NO;
				GCC_NO_COMMON_BLOCKS = YES;
				GCC_OPTIMIZATION_LEVEL = 0;
				GCC_PREPROCESSOR_DEFINITIONS = (
					"DEBUG=1",
					"$(inherited)",
				);
				GCC_WARN_64_TO_32_BIT_CONVERSION = YES;
				GCC_WARN_ABOUT_RETURN_TYPE = YES_ERROR;
				GCC_WARN_UNDECLARED_SELECTOR = YES;
				GCC_WARN_UNINITIALIZED_AUTOS = YES_AGGRESSIVE;
				GCC_WARN_UNUSED_FUNCTION = YES;
				GCC_WARN_UNUSED_VARIABLE = YES;
				IPHONEOS_DEPLOYMENT_TARGET = 13.0;
				MTL_ENABLE_DEBUG_INFO = INCLUDE_SOURCE;
				MTL_FAST_MATH = YES;
				ONLY_ACTIVE_ARCH = YES;
				SDKROOT = iphoneos;
				SWIFT_ACTIVE_COMPILATION_CONDITIONS = DEBUG;
				SWIFT_OPTIMIZATION_LEVEL = "-Onone";
			};
			name = Debug;
		};
		517F6230234E32A100A05205 /* Release */ = {
			isa = XCBuildConfiguration;
			buildSettings = {
				ALWAYS_SEARCH_USER_PATHS = NO;
				CLANG_ANALYZER_NONNULL = YES;
				CLANG_ANALYZER_NUMBER_OBJECT_CONVERSION = YES_AGGRESSIVE;
				CLANG_CXX_LANGUAGE_STANDARD = "gnu++14";
				CLANG_CXX_LIBRARY = "libc++";
				CLANG_ENABLE_MODULES = YES;
				CLANG_ENABLE_OBJC_ARC = YES;
				CLANG_ENABLE_OBJC_WEAK = YES;
				CLANG_WARN_BLOCK_CAPTURE_AUTORELEASING = YES;
				CLANG_WARN_BOOL_CONVERSION = YES;
				CLANG_WARN_COMMA = YES;
				CLANG_WARN_CONSTANT_CONVERSION = YES;
				CLANG_WARN_DEPRECATED_OBJC_IMPLEMENTATIONS = YES;
				CLANG_WARN_DIRECT_OBJC_ISA_USAGE = YES_ERROR;
				CLANG_WARN_DOCUMENTATION_COMMENTS = YES;
				CLANG_WARN_EMPTY_BODY = YES;
				CLANG_WARN_ENUM_CONVERSION = YES;
				CLANG_WARN_INFINITE_RECURSION = YES;
				CLANG_WARN_INT_CONVERSION = YES;
				CLANG_WARN_NON_LITERAL_NULL_CONVERSION = YES;
				CLANG_WARN_OBJC_IMPLICIT_RETAIN_SELF = YES;
				CLANG_WARN_OBJC_LITERAL_CONVERSION = YES;
				CLANG_WARN_OBJC_ROOT_CLASS = YES_ERROR;
				CLANG_WARN_RANGE_LOOP_ANALYSIS = YES;
				CLANG_WARN_STRICT_PROTOTYPES = YES;
				CLANG_WARN_SUSPICIOUS_MOVE = YES;
				CLANG_WARN_UNGUARDED_AVAILABILITY = YES_AGGRESSIVE;
				CLANG_WARN_UNREACHABLE_CODE = YES;
				CLANG_WARN__DUPLICATE_METHOD_MATCH = YES;
				COPY_PHASE_STRIP = NO;
				DEBUG_INFORMATION_FORMAT = "dwarf-with-dsym";
				ENABLE_NS_ASSERTIONS = NO;
				ENABLE_STRICT_OBJC_MSGSEND = YES;
				GCC_C_LANGUAGE_STANDARD = gnu11;
				GCC_NO_COMMON_BLOCKS = YES;
				GCC_WARN_64_TO_32_BIT_CONVERSION = YES;
				GCC_WARN_ABOUT_RETURN_TYPE = YES_ERROR;
				GCC_WARN_UNDECLARED_SELECTOR = YES;
				GCC_WARN_UNINITIALIZED_AUTOS = YES_AGGRESSIVE;
				GCC_WARN_UNUSED_FUNCTION = YES;
				GCC_WARN_UNUSED_VARIABLE = YES;
				IPHONEOS_DEPLOYMENT_TARGET = 13.0;
				MTL_ENABLE_DEBUG_INFO = NO;
				MTL_FAST_MATH = YES;
				SDKROOT = iphoneos;
				SWIFT_COMPILATION_MODE = wholemodule;
				SWIFT_OPTIMIZATION_LEVEL = "-O";
				VALIDATE_PRODUCT = YES;
			};
			name = Release;
		};
		517F6232234E32A100A05205 /* Debug */ = {
			isa = XCBuildConfiguration;
			buildSettings = {
				ASSETCATALOG_COMPILER_APPICON_NAME = AppIcon;
				CODE_SIGN_STYLE = Automatic;
				DEVELOPMENT_ASSET_PATHS = "\"T!mer/Preview Content\"";
				DEVELOPMENT_TEAM = 8WAQAQ3Z29;
				ENABLE_PREVIEWS = YES;
				INFOPLIST_FILE = "T!mer/Info.plist";
				LD_RUNPATH_SEARCH_PATHS = (
					"$(inherited)",
					"@executable_path/Frameworks",
				);
				PRODUCT_BUNDLE_IDENTIFIER = "com.Kreimben.T-mer";
				PRODUCT_NAME = "$(TARGET_NAME)";
				SWIFT_VERSION = 5.0;
				TARGETED_DEVICE_FAMILY = 1;
			};
			name = Debug;
		};
		517F6233234E32A100A05205 /* Release */ = {
			isa = XCBuildConfiguration;
			buildSettings = {
				ASSETCATALOG_COMPILER_APPICON_NAME = AppIcon;
				CODE_SIGN_STYLE = Automatic;
				DEVELOPMENT_ASSET_PATHS = "\"T!mer/Preview Content\"";
				DEVELOPMENT_TEAM = 8WAQAQ3Z29;
				ENABLE_PREVIEWS = YES;
				INFOPLIST_FILE = "T!mer/Info.plist";
				LD_RUNPATH_SEARCH_PATHS = (
					"$(inherited)",
					"@executable_path/Frameworks",
				);
				PRODUCT_BUNDLE_IDENTIFIER = "com.Kreimben.T-mer";
				PRODUCT_NAME = "$(TARGET_NAME)";
				SWIFT_VERSION = 5.0;
				TARGETED_DEVICE_FAMILY = 1;
			};
			name = Release;
		};
/* End XCBuildConfiguration section */

/* Begin XCConfigurationList section */
		517F6218234E329F00A05205 /* Build configuration list for PBXProject "T!mer" */ = {
			isa = XCConfigurationList;
			buildConfigurations = (
				517F622F234E32A100A05205 /* Debug */,
				517F6230234E32A100A05205 /* Release */,
			);
			defaultConfigurationIsVisible = 0;
			defaultConfigurationName = Release;
		};
		517F6231234E32A100A05205 /* Build configuration list for PBXNativeTarget "T!mer" */ = {
			isa = XCConfigurationList;
			buildConfigurations = (
				517F6232234E32A100A05205 /* Debug */,
				517F6233234E32A100A05205 /* Release */,
			);
			defaultConfigurationIsVisible = 0;
			defaultConfigurationName = Release;
		};
/* End XCConfigurationList section */
	};
	rootObject = 517F6215234E329F00A05205 /* Project object */;
}
