// !$*UTF8*$!
{
	archiveVersion = 1;
	classes = {
	};
	objectVersion = 51;
	objects = {

/* Begin PBXBuildFile section */
		51113A5E237939BF005309D7 /* SoundPickerView.swift in Sources */ = {isa = PBXBuildFile; fileRef = 51113A5D237939BE005309D7 /* SoundPickerView.swift */; };
		511FD514245A05880012DCD9 /* MailView.swift in Sources */ = {isa = PBXBuildFile; fileRef = 511FD513245A05880012DCD9 /* MailView.swift */; };
		51214AB923E84E0E00FB3332 /* ProductIDs.plist in Resources */ = {isa = PBXBuildFile; fileRef = 51214AB823E84E0E00FB3332 /* ProductIDs.plist */; };
		51214AC223E9143300FB3332 /* Interstitial.swift in Sources */ = {isa = PBXBuildFile; fileRef = 51214AC123E9143300FB3332 /* Interstitial.swift */; };
		5121EFBF247FB90200A8EAA4 /* TodoView.swift in Sources */ = {isa = PBXBuildFile; fileRef = 5121EFBE247FB90200A8EAA4 /* TodoView.swift */; };
		5121EFC1247FB93E00A8EAA4 /* TodoEmptyView.swift in Sources */ = {isa = PBXBuildFile; fileRef = 5121EFC0247FB93E00A8EAA4 /* TodoEmptyView.swift */; };
		512558C1247412A800020AE2 /* RoundedRectangleView.swift in Sources */ = {isa = PBXBuildFile; fileRef = 512558C0247412A800020AE2 /* RoundedRectangleView.swift */; };
		513EF2F923E16E0C0013BC9F /* (null) in Embed Frameworks */ = {isa = PBXBuildFile; settings = {ATTRIBUTES = (CodeSignOnCopy, RemoveHeadersOnCopy, ); }; };
		51415D262473DE7600A98E3B /* CircleView.swift in Sources */ = {isa = PBXBuildFile; fileRef = 51415D252473DE7600A98E3B /* CircleView.swift */; };
		5147AB292481057100C5B571 /* TimerCoreData.xcdatamodeld in Sources */ = {isa = PBXBuildFile; fileRef = 5147AB272481057100C5B571 /* TimerCoreData.xcdatamodeld */; };
		51500AE42473355600AAE960 /* NotificationCenter.framework in Frameworks */ = {isa = PBXBuildFile; fileRef = 51500AE32473355600AAE960 /* NotificationCenter.framework */; };
		51500AE72473355600AAE960 /* TodayViewController.swift in Sources */ = {isa = PBXBuildFile; fileRef = 51500AE62473355600AAE960 /* TodayViewController.swift */; };
		51500AEA2473355600AAE960 /* MainInterface.storyboard in Resources */ = {isa = PBXBuildFile; fileRef = 51500AE82473355600AAE960 /* MainInterface.storyboard */; };
		51500AEE2473355600AAE960 /* T!mer Widget.appex in Embed App Extensions */ = {isa = PBXBuildFile; fileRef = 51500AE22473355600AAE960 /* T!mer Widget.appex */; settings = {ATTRIBUTES = (RemoveHeadersOnCopy, ); }; };
		51500AF52473396700AAE960 /* MainController.swift in Sources */ = {isa = PBXBuildFile; fileRef = 51E829B1237ABF89002EDEE1 /* MainController.swift */; };
		51500AF62473396E00AAE960 /* UserSettings.swift in Sources */ = {isa = PBXBuildFile; fileRef = 51E829B0237ABF89002EDEE1 /* UserSettings.swift */; };
		51500AF72473399700AAE960 /* ColorScheme.swift in Sources */ = {isa = PBXBuildFile; fileRef = 51D6A189242A2942002AD0DB /* ColorScheme.swift */; };
		51500AFA24733EC300AAE960 /* UserTouchCircle.swift in Sources */ = {isa = PBXBuildFile; fileRef = 51A2389B235C2B0C00BF5C42 /* UserTouchCircle.swift */; };
		51500AFB24733FF900AAE960 /* Assets.xcassets in Sources */ = {isa = PBXBuildFile; fileRef = 517F6226234E32A100A05205 /* Assets.xcassets */; };
		515DACC5245C435B00A495BA /* UpdateLogView.swift in Sources */ = {isa = PBXBuildFile; fileRef = 515DACC4245C435B00A495BA /* UpdateLogView.swift */; };
		515DACC9245D1F9000A495BA /* UpdateLogDetailView.swift in Sources */ = {isa = PBXBuildFile; fileRef = 515DACC8245D1F9000A495BA /* UpdateLogDetailView.swift */; };
		515DACE3245E876100A495BA /* bicycle in Resources */ = {isa = PBXBuildFile; fileRef = 515DACDD245E876100A495BA /* bicycle */; };
		515DACE4245E876100A495BA /* home-bell in Resources */ = {isa = PBXBuildFile; fileRef = 515DACDE245E876100A495BA /* home-bell */; };
		515DACE5245E876100A495BA /* single in Resources */ = {isa = PBXBuildFile; fileRef = 515DACDF245E876100A495BA /* single */; };
		515DACE6245E876100A495BA /* ghost in Resources */ = {isa = PBXBuildFile; fileRef = 515DACE0245E876100A495BA /* ghost */; };
		515DACE7245E876100A495BA /* zen in Resources */ = {isa = PBXBuildFile; fileRef = 515DACE1245E876100A495BA /* zen */; };
		515DACE8245E876100A495BA /* elevator in Resources */ = {isa = PBXBuildFile; fileRef = 515DACE2245E876100A495BA /* elevator */; };
		515DACEA245E8B4200A495BA /* HowToUseThisApp.swift in Sources */ = {isa = PBXBuildFile; fileRef = 515DACE9245E8B4200A495BA /* HowToUseThisApp.swift */; };
		515DACED245EA57500A495BA /* WelcomeTo.swift in Sources */ = {isa = PBXBuildFile; fileRef = 515DACEC245EA57500A495BA /* WelcomeTo.swift */; };
		515DACF5246025A500A495BA /* SelectSoundView.swift in Sources */ = {isa = PBXBuildFile; fileRef = 515DACF4246025A500A495BA /* SelectSoundView.swift */; };
		515DACFA2460271600A495BA /* SelectCircleView.swift in Sources */ = {isa = PBXBuildFile; fileRef = 515DACF92460271600A495BA /* SelectCircleView.swift */; };
		515DACFC246040BF00A495BA /* SoundPlayerView.swift in Sources */ = {isa = PBXBuildFile; fileRef = 515DACFB246040BF00A495BA /* SoundPlayerView.swift */; };
		5167E4542368CD88003005AB /* TrailingButtonView.swift in Sources */ = {isa = PBXBuildFile; fileRef = 5167E4532368CD88003005AB /* TrailingButtonView.swift */; };
		516B71F82393A9A800EAAC0E /* Default Bell in Resources */ = {isa = PBXBuildFile; fileRef = 516B71F42393A9A800EAAC0E /* Default Bell */; };
		516B71F92393A9A800EAAC0E /* Tower bell in Resources */ = {isa = PBXBuildFile; fileRef = 516B71F52393A9A800EAAC0E /* Tower bell */; };
		516B71FA2393A9A800EAAC0E /* Bell store door in Resources */ = {isa = PBXBuildFile; fileRef = 516B71F62393A9A800EAAC0E /* Bell store door */; };
		516B71FB2393A9A800EAAC0E /* Cookoo in Resources */ = {isa = PBXBuildFile; fileRef = 516B71F72393A9A800EAAC0E /* Cookoo */; };
		517917EC237936700074E5D9 /* SafariView.swift in Sources */ = {isa = PBXBuildFile; fileRef = 517917EB237936700074E5D9 /* SafariView.swift */; };
		517F6221234E329F00A05205 /* AppDelegate.swift in Sources */ = {isa = PBXBuildFile; fileRef = 517F6220234E329F00A05205 /* AppDelegate.swift */; };
		517F6223234E329F00A05205 /* SceneDelegate.swift in Sources */ = {isa = PBXBuildFile; fileRef = 517F6222234E329F00A05205 /* SceneDelegate.swift */; };
		517F6225234E329F00A05205 /* ContentView.swift in Sources */ = {isa = PBXBuildFile; fileRef = 517F6224234E329F00A05205 /* ContentView.swift */; };
		517F6227234E32A100A05205 /* Assets.xcassets in Resources */ = {isa = PBXBuildFile; fileRef = 517F6226234E32A100A05205 /* Assets.xcassets */; };
		517F622A234E32A100A05205 /* Preview Assets.xcassets in Resources */ = {isa = PBXBuildFile; fileRef = 517F6229234E32A100A05205 /* Preview Assets.xcassets */; };
		517F622D234E32A100A05205 /* LaunchScreen.storyboard in Resources */ = {isa = PBXBuildFile; fileRef = 517F622B234E32A100A05205 /* LaunchScreen.storyboard */; };
		5180DD98234E419D0074AECC /* SettingPageView.swift in Sources */ = {isa = PBXBuildFile; fileRef = 5180DD97234E419D0074AECC /* SettingPageView.swift */; };
		519787D0248136A7002F29DE /* TimerEntities+CoreDataProperties.swift in Sources */ = {isa = PBXBuildFile; fileRef = 519787CE248136A7002F29DE /* TimerEntities+CoreDataProperties.swift */; };
		519787D1248136A7002F29DE /* TimerEntities+CoreDataClass.swift in Sources */ = {isa = PBXBuildFile; fileRef = 519787CF248136A7002F29DE /* TimerEntities+CoreDataClass.swift */; };
		519D626E243E2D0D00E6C77F /* T_merUITests.swift in Sources */ = {isa = PBXBuildFile; fileRef = 519D626D243E2D0D00E6C77F /* T_merUITests.swift */; };
		51A2389C235C2B0C00BF5C42 /* UserTouchCircle.swift in Sources */ = {isa = PBXBuildFile; fileRef = 51A2389B235C2B0C00BF5C42 /* UserTouchCircle.swift */; };
		51B221F423F2618600F924C1 /* IAPView.swift in Sources */ = {isa = PBXBuildFile; fileRef = 51B221F323F2618600F924C1 /* IAPView.swift */; };
		51CDE473247CEDB60089B6E0 /* TodoMasterView.swift in Sources */ = {isa = PBXBuildFile; fileRef = 51CDE472247CEDB60089B6E0 /* TodoMasterView.swift */; };
		51D6A186242A261B002AD0DB /* ColorPickerView.swift in Sources */ = {isa = PBXBuildFile; fileRef = 51D6A185242A261B002AD0DB /* ColorPickerView.swift */; };
		51D6A18A242A2942002AD0DB /* ColorScheme.swift in Sources */ = {isa = PBXBuildFile; fileRef = 51D6A189242A2942002AD0DB /* ColorScheme.swift */; };
		51DF313623E59A6F008D20D6 /* StoreKit.framework in Frameworks */ = {isa = PBXBuildFile; fileRef = 51DF313523E59A6F008D20D6 /* StoreKit.framework */; };
		51E829B3237ABF89002EDEE1 /* UserSettings.swift in Sources */ = {isa = PBXBuildFile; fileRef = 51E829B0237ABF89002EDEE1 /* UserSettings.swift */; };
		51E829B4237ABF89002EDEE1 /* MainController.swift in Sources */ = {isa = PBXBuildFile; fileRef = 51E829B1237ABF89002EDEE1 /* MainController.swift */; };
		51F13BAD2459EFA50021622C /* SnapshotHelper.swift in Sources */ = {isa = PBXBuildFile; fileRef = 51F13BAC2459EFA50021622C /* SnapshotHelper.swift */; };
		51F13BB02459F1290021622C /* DebugMenuView.swift in Sources */ = {isa = PBXBuildFile; fileRef = 51F13BAF2459F1290021622C /* DebugMenuView.swift */; };
		F8BE231D7FDF7322424B4D7B /* Pods_T_mer.framework in Frameworks */ = {isa = PBXBuildFile; fileRef = F678A186EBB83CD62DFB295C /* Pods_T_mer.framework */; };
/* End PBXBuildFile section */

/* Begin PBXContainerItemProxy section */
		51500AEC2473355600AAE960 /* PBXContainerItemProxy */ = {
			isa = PBXContainerItemProxy;
			containerPortal = 517F6215234E329F00A05205 /* Project object */;
			proxyType = 1;
			remoteGlobalIDString = 51500AE12473355600AAE960;
			remoteInfo = "T!mer Widget";
		};
		519D6270243E2D0D00E6C77F /* PBXContainerItemProxy */ = {
			isa = PBXContainerItemProxy;
			containerPortal = 517F6215234E329F00A05205 /* Project object */;
			proxyType = 1;
			remoteGlobalIDString = 517F621C234E329F00A05205;
			remoteInfo = "T!mer";
		};
/* End PBXContainerItemProxy section */

/* Begin PBXCopyFilesBuildPhase section */
		51500AEF2473355600AAE960 /* Embed App Extensions */ = {
			isa = PBXCopyFilesBuildPhase;
			buildActionMask = 2147483647;
			dstPath = "";
			dstSubfolderSpec = 13;
			files = (
				51500AEE2473355600AAE960 /* T!mer Widget.appex in Embed App Extensions */,
			);
			name = "Embed App Extensions";
			runOnlyForDeploymentPostprocessing = 0;
		};
		5183F13E23E16CF0003C2095 /* Embed Frameworks */ = {
			isa = PBXCopyFilesBuildPhase;
			buildActionMask = 2147483647;
			dstPath = "";
			dstSubfolderSpec = 10;
			files = (
				513EF2F923E16E0C0013BC9F /* (null) in Embed Frameworks */,
			);
			name = "Embed Frameworks";
			runOnlyForDeploymentPostprocessing = 0;
		};
/* End PBXCopyFilesBuildPhase section */

/* Begin PBXFileReference section */
		4D77C5FC36F25A860B381D00 /* Pods-T!mer.debug.xcconfig */ = {isa = PBXFileReference; includeInIndex = 1; lastKnownFileType = text.xcconfig; name = "Pods-T!mer.debug.xcconfig"; path = "Target Support Files/Pods-T!mer/Pods-T!mer.debug.xcconfig"; sourceTree = "<group>"; };
		51113A5D237939BE005309D7 /* SoundPickerView.swift */ = {isa = PBXFileReference; fileEncoding = 4; lastKnownFileType = sourcecode.swift; path = SoundPickerView.swift; sourceTree = "<group>"; };
		511FD513245A05880012DCD9 /* MailView.swift */ = {isa = PBXFileReference; lastKnownFileType = sourcecode.swift; path = MailView.swift; sourceTree = "<group>"; };
		51214AB823E84E0E00FB3332 /* ProductIDs.plist */ = {isa = PBXFileReference; lastKnownFileType = text.plist.xml; path = ProductIDs.plist; sourceTree = "<group>"; };
		51214AC123E9143300FB3332 /* Interstitial.swift */ = {isa = PBXFileReference; lastKnownFileType = sourcecode.swift; path = Interstitial.swift; sourceTree = "<group>"; };
		5121EFBE247FB90200A8EAA4 /* TodoView.swift */ = {isa = PBXFileReference; lastKnownFileType = sourcecode.swift; path = TodoView.swift; sourceTree = "<group>"; };
		5121EFC0247FB93E00A8EAA4 /* TodoEmptyView.swift */ = {isa = PBXFileReference; lastKnownFileType = sourcecode.swift; path = TodoEmptyView.swift; sourceTree = "<group>"; };
		512558C0247412A800020AE2 /* RoundedRectangleView.swift */ = {isa = PBXFileReference; lastKnownFileType = sourcecode.swift; path = RoundedRectangleView.swift; sourceTree = "<group>"; };
		5136238A237AA1D300744BDD /* T!mer.entitlements */ = {isa = PBXFileReference; lastKnownFileType = text.plist.entitlements; path = "T!mer.entitlements"; sourceTree = "<group>"; };
		513EF2FA23E16E100013BC9F /* GoogleUtilities.framework */ = {isa = PBXFileReference; explicitFileType = wrapper.framework; path = GoogleUtilities.framework; sourceTree = BUILT_PRODUCTS_DIR; };
		513EF2FD23E16E1C0013BC9F /* nanopb.framework */ = {isa = PBXFileReference; explicitFileType = wrapper.framework; path = nanopb.framework; sourceTree = BUILT_PRODUCTS_DIR; };
		51415D252473DE7600A98E3B /* CircleView.swift */ = {isa = PBXFileReference; lastKnownFileType = sourcecode.swift; path = CircleView.swift; sourceTree = "<group>"; };
		5147AB282481057100C5B571 /* TimerCoreData.xcdatamodel */ = {isa = PBXFileReference; lastKnownFileType = wrapper.xcdatamodel; path = TimerCoreData.xcdatamodel; sourceTree = "<group>"; };
		51500AE22473355600AAE960 /* T!mer Widget.appex */ = {isa = PBXFileReference; explicitFileType = "wrapper.app-extension"; includeInIndex = 0; path = "T!mer Widget.appex"; sourceTree = BUILT_PRODUCTS_DIR; };
		51500AE32473355600AAE960 /* NotificationCenter.framework */ = {isa = PBXFileReference; lastKnownFileType = wrapper.framework; name = NotificationCenter.framework; path = System/Library/Frameworks/NotificationCenter.framework; sourceTree = SDKROOT; };
		51500AE62473355600AAE960 /* TodayViewController.swift */ = {isa = PBXFileReference; lastKnownFileType = sourcecode.swift; path = TodayViewController.swift; sourceTree = "<group>"; };
		51500AE92473355600AAE960 /* Base */ = {isa = PBXFileReference; lastKnownFileType = file.storyboard; name = Base; path = Base.lproj/MainInterface.storyboard; sourceTree = "<group>"; };
		51500AEB2473355600AAE960 /* Info.plist */ = {isa = PBXFileReference; lastKnownFileType = text.plist.xml; path = Info.plist; sourceTree = "<group>"; };
		51500AFC24734D2600AAE960 /* T!mer Widget.entitlements */ = {isa = PBXFileReference; lastKnownFileType = text.plist.entitlements; path = "T!mer Widget.entitlements"; sourceTree = "<group>"; };
		515DACC4245C435B00A495BA /* UpdateLogView.swift */ = {isa = PBXFileReference; lastKnownFileType = sourcecode.swift; path = UpdateLogView.swift; sourceTree = "<group>"; };
		515DACC8245D1F9000A495BA /* UpdateLogDetailView.swift */ = {isa = PBXFileReference; lastKnownFileType = sourcecode.swift; path = UpdateLogDetailView.swift; sourceTree = "<group>"; };
		515DACDD245E876100A495BA /* bicycle */ = {isa = PBXFileReference; lastKnownFileType = file; path = bicycle; sourceTree = "<group>"; };
		515DACDE245E876100A495BA /* home-bell */ = {isa = PBXFileReference; lastKnownFileType = file; path = "home-bell"; sourceTree = "<group>"; };
		515DACDF245E876100A495BA /* single */ = {isa = PBXFileReference; lastKnownFileType = file; path = single; sourceTree = "<group>"; };
		515DACE0245E876100A495BA /* ghost */ = {isa = PBXFileReference; lastKnownFileType = file; path = ghost; sourceTree = "<group>"; };
		515DACE1245E876100A495BA /* zen */ = {isa = PBXFileReference; lastKnownFileType = file; path = zen; sourceTree = "<group>"; };
		515DACE2245E876100A495BA /* elevator */ = {isa = PBXFileReference; lastKnownFileType = file; path = elevator; sourceTree = "<group>"; };
		515DACE9245E8B4200A495BA /* HowToUseThisApp.swift */ = {isa = PBXFileReference; lastKnownFileType = sourcecode.swift; path = HowToUseThisApp.swift; sourceTree = "<group>"; };
		515DACEC245EA57500A495BA /* WelcomeTo.swift */ = {isa = PBXFileReference; lastKnownFileType = sourcecode.swift; path = WelcomeTo.swift; sourceTree = "<group>"; };
		515DACF4246025A500A495BA /* SelectSoundView.swift */ = {isa = PBXFileReference; lastKnownFileType = sourcecode.swift; path = SelectSoundView.swift; sourceTree = "<group>"; };
		515DACF92460271600A495BA /* SelectCircleView.swift */ = {isa = PBXFileReference; lastKnownFileType = sourcecode.swift; path = SelectCircleView.swift; sourceTree = "<group>"; };
		515DACFB246040BF00A495BA /* SoundPlayerView.swift */ = {isa = PBXFileReference; lastKnownFileType = sourcecode.swift; path = SoundPlayerView.swift; sourceTree = "<group>"; };
		5167E4532368CD88003005AB /* TrailingButtonView.swift */ = {isa = PBXFileReference; lastKnownFileType = sourcecode.swift; path = TrailingButtonView.swift; sourceTree = "<group>"; };
		516B71F42393A9A800EAAC0E /* Default Bell */ = {isa = PBXFileReference; lastKnownFileType = file; path = "Default Bell"; sourceTree = "<group>"; };
		516B71F52393A9A800EAAC0E /* Tower bell */ = {isa = PBXFileReference; lastKnownFileType = file; path = "Tower bell"; sourceTree = "<group>"; };
		516B71F62393A9A800EAAC0E /* Bell store door */ = {isa = PBXFileReference; lastKnownFileType = file; path = "Bell store door"; sourceTree = "<group>"; };
		516B71F72393A9A800EAAC0E /* Cookoo */ = {isa = PBXFileReference; lastKnownFileType = file; path = Cookoo; sourceTree = "<group>"; };
		517917EB237936700074E5D9 /* SafariView.swift */ = {isa = PBXFileReference; lastKnownFileType = sourcecode.swift; path = SafariView.swift; sourceTree = "<group>"; };
		517F621D234E329F00A05205 /* T!mer.app */ = {isa = PBXFileReference; explicitFileType = wrapper.application; includeInIndex = 0; path = "T!mer.app"; sourceTree = BUILT_PRODUCTS_DIR; };
		517F6220234E329F00A05205 /* AppDelegate.swift */ = {isa = PBXFileReference; lastKnownFileType = sourcecode.swift; path = AppDelegate.swift; sourceTree = "<group>"; };
		517F6222234E329F00A05205 /* SceneDelegate.swift */ = {isa = PBXFileReference; lastKnownFileType = sourcecode.swift; path = SceneDelegate.swift; sourceTree = "<group>"; };
		517F6224234E329F00A05205 /* ContentView.swift */ = {isa = PBXFileReference; lastKnownFileType = sourcecode.swift; path = ContentView.swift; sourceTree = "<group>"; };
		517F6226234E32A100A05205 /* Assets.xcassets */ = {isa = PBXFileReference; lastKnownFileType = folder.assetcatalog; path = Assets.xcassets; sourceTree = "<group>"; };
		517F6229234E32A100A05205 /* Preview Assets.xcassets */ = {isa = PBXFileReference; lastKnownFileType = folder.assetcatalog; path = "Preview Assets.xcassets"; sourceTree = "<group>"; };
		517F622C234E32A100A05205 /* Base */ = {isa = PBXFileReference; lastKnownFileType = file.storyboard; name = Base; path = Base.lproj/LaunchScreen.storyboard; sourceTree = "<group>"; };
		517F622E234E32A100A05205 /* Info.plist */ = {isa = PBXFileReference; lastKnownFileType = text.plist.xml; path = Info.plist; sourceTree = "<group>"; };
		5180DD97234E419D0074AECC /* SettingPageView.swift */ = {isa = PBXFileReference; lastKnownFileType = sourcecode.swift; path = SettingPageView.swift; sourceTree = "<group>"; };
		519787CE248136A7002F29DE /* TimerEntities+CoreDataProperties.swift */ = {isa = PBXFileReference; fileEncoding = 4; lastKnownFileType = sourcecode.swift; path = "TimerEntities+CoreDataProperties.swift"; sourceTree = "<group>"; };
		519787CF248136A7002F29DE /* TimerEntities+CoreDataClass.swift */ = {isa = PBXFileReference; fileEncoding = 4; lastKnownFileType = sourcecode.swift; path = "TimerEntities+CoreDataClass.swift"; sourceTree = "<group>"; };
		519D626B243E2D0D00E6C77F /* T!merUITests.xctest */ = {isa = PBXFileReference; explicitFileType = wrapper.cfbundle; includeInIndex = 0; path = "T!merUITests.xctest"; sourceTree = BUILT_PRODUCTS_DIR; };
		519D626D243E2D0D00E6C77F /* T_merUITests.swift */ = {isa = PBXFileReference; lastKnownFileType = sourcecode.swift; path = T_merUITests.swift; sourceTree = "<group>"; };
		519D626F243E2D0D00E6C77F /* Info.plist */ = {isa = PBXFileReference; lastKnownFileType = text.plist.xml; path = Info.plist; sourceTree = "<group>"; };
		51A2389B235C2B0C00BF5C42 /* UserTouchCircle.swift */ = {isa = PBXFileReference; lastKnownFileType = sourcecode.swift; path = UserTouchCircle.swift; sourceTree = "<group>"; };
		51A6F42C235DC72800571F20 /* README.md */ = {isa = PBXFileReference; lastKnownFileType = net.daringfireball.markdown; path = README.md; sourceTree = "<group>"; };
		51B221F323F2618600F924C1 /* IAPView.swift */ = {isa = PBXFileReference; lastKnownFileType = sourcecode.swift; path = IAPView.swift; sourceTree = "<group>"; };
		51CDE472247CEDB60089B6E0 /* TodoMasterView.swift */ = {isa = PBXFileReference; lastKnownFileType = sourcecode.swift; path = TodoMasterView.swift; sourceTree = "<group>"; };
		51D6A185242A261B002AD0DB /* ColorPickerView.swift */ = {isa = PBXFileReference; lastKnownFileType = sourcecode.swift; path = ColorPickerView.swift; sourceTree = "<group>"; };
		51D6A189242A2942002AD0DB /* ColorScheme.swift */ = {isa = PBXFileReference; fileEncoding = 4; lastKnownFileType = sourcecode.swift; path = ColorScheme.swift; sourceTree = "<group>"; };
		51DF313523E59A6F008D20D6 /* StoreKit.framework */ = {isa = PBXFileReference; lastKnownFileType = wrapper.framework; name = StoreKit.framework; path = System/Library/Frameworks/StoreKit.framework; sourceTree = SDKROOT; };
		51E829B0237ABF89002EDEE1 /* UserSettings.swift */ = {isa = PBXFileReference; fileEncoding = 4; lastKnownFileType = sourcecode.swift; path = UserSettings.swift; sourceTree = "<group>"; };
		51E829B1237ABF89002EDEE1 /* MainController.swift */ = {isa = PBXFileReference; fileEncoding = 4; lastKnownFileType = sourcecode.swift; path = MainController.swift; sourceTree = "<group>"; };
		51F13BAC2459EFA50021622C /* SnapshotHelper.swift */ = {isa = PBXFileReference; fileEncoding = 4; lastKnownFileType = sourcecode.swift; path = SnapshotHelper.swift; sourceTree = "<group>"; };
		51F13BAF2459F1290021622C /* DebugMenuView.swift */ = {isa = PBXFileReference; lastKnownFileType = sourcecode.swift; path = DebugMenuView.swift; sourceTree = "<group>"; };
		7FBCDC52D36C80059DFE8C29 /* Pods-T!mer.release.xcconfig */ = {isa = PBXFileReference; includeInIndex = 1; lastKnownFileType = text.xcconfig; name = "Pods-T!mer.release.xcconfig"; path = "Target Support Files/Pods-T!mer/Pods-T!mer.release.xcconfig"; sourceTree = "<group>"; };
		F678A186EBB83CD62DFB295C /* Pods_T_mer.framework */ = {isa = PBXFileReference; explicitFileType = wrapper.framework; includeInIndex = 0; path = Pods_T_mer.framework; sourceTree = BUILT_PRODUCTS_DIR; };
/* End PBXFileReference section */

/* Begin PBXFrameworksBuildPhase section */
		51500ADF2473355600AAE960 /* Frameworks */ = {
			isa = PBXFrameworksBuildPhase;
			buildActionMask = 2147483647;
			files = (
				51500AE42473355600AAE960 /* NotificationCenter.framework in Frameworks */,
			);
			runOnlyForDeploymentPostprocessing = 0;
		};
		517F621A234E329F00A05205 /* Frameworks */ = {
			isa = PBXFrameworksBuildPhase;
			buildActionMask = 2147483647;
			files = (
				51DF313623E59A6F008D20D6 /* StoreKit.framework in Frameworks */,
				F8BE231D7FDF7322424B4D7B /* Pods_T_mer.framework in Frameworks */,
			);
			runOnlyForDeploymentPostprocessing = 0;
		};
		519D6268243E2D0D00E6C77F /* Frameworks */ = {
			isa = PBXFrameworksBuildPhase;
			buildActionMask = 2147483647;
			files = (
			);
			runOnlyForDeploymentPostprocessing = 0;
		};
/* End PBXFrameworksBuildPhase section */

/* Begin PBXGroup section */
		512558C2247412B300020AE2 /* Shape */ = {
			isa = PBXGroup;
			children = (
				51415D252473DE7600A98E3B /* CircleView.swift */,
				512558C0247412A800020AE2 /* RoundedRectangleView.swift */,
			);
			path = Shape;
			sourceTree = "<group>";
		};
		5147AB2A24810B3B00C5B571 /* CoreData related */ = {
			isa = PBXGroup;
			children = (
				519787CF248136A7002F29DE /* TimerEntities+CoreDataClass.swift */,
				519787CE248136A7002F29DE /* TimerEntities+CoreDataProperties.swift */,
				5147AB272481057100C5B571 /* TimerCoreData.xcdatamodeld */,
			);
			path = "CoreData related";
			sourceTree = "<group>";
		};
		51500AE52473355600AAE960 /* T!mer Widget */ = {
			isa = PBXGroup;
			children = (
				51500AFC24734D2600AAE960 /* T!mer Widget.entitlements */,
				51500AE62473355600AAE960 /* TodayViewController.swift */,
				512558C2247412B300020AE2 /* Shape */,
				51500AE82473355600AAE960 /* MainInterface.storyboard */,
				51500AEB2473355600AAE960 /* Info.plist */,
			);
			path = "T!mer Widget";
			sourceTree = "<group>";
		};
		5155C221247FB75D00C30A08 /* Todo */ = {
			isa = PBXGroup;
			children = (
				51CDE472247CEDB60089B6E0 /* TodoMasterView.swift */,
				5121EFBE247FB90200A8EAA4 /* TodoView.swift */,
				5121EFC0247FB93E00A8EAA4 /* TodoEmptyView.swift */,
			);
			path = Todo;
			sourceTree = "<group>";
		};
		515DACC3245C434C00A495BA /* Update Log */ = {
			isa = PBXGroup;
			children = (
				515DACC4245C435B00A495BA /* UpdateLogView.swift */,
				515DACC8245D1F9000A495BA /* UpdateLogDetailView.swift */,
			);
			path = "Update Log";
			sourceTree = "<group>";
		};
		515DACEB245EA55F00A495BA /* Welcome To T!mer */ = {
			isa = PBXGroup;
			children = (
				515DACEC245EA57500A495BA /* WelcomeTo.swift */,
			);
			path = "Welcome To T!mer";
			sourceTree = "<group>";
		};
		515DACF62460267D00A495BA /* Sound */ = {
			isa = PBXGroup;
			children = (
				515DACF7246026A200A495BA /* Frame */,
				515DACF8246026B000A495BA /* Decoration */,
			);
			path = Sound;
			sourceTree = "<group>";
		};
		515DACF7246026A200A495BA /* Frame */ = {
			isa = PBXGroup;
			children = (
				51113A5D237939BE005309D7 /* SoundPickerView.swift */,
				515DACF4246025A500A495BA /* SelectSoundView.swift */,
				515DACFB246040BF00A495BA /* SoundPlayerView.swift */,
			);
			path = Frame;
			sourceTree = "<group>";
		};
		515DACF8246026B000A495BA /* Decoration */ = {
			isa = PBXGroup;
			children = (
				515DACF92460271600A495BA /* SelectCircleView.swift */,
			);
			path = Decoration;
			sourceTree = "<group>";
		};
		51611C6623658FD800441AD3 /* Models */ = {
			isa = PBXGroup;
			children = (
				51E829B1237ABF89002EDEE1 /* MainController.swift */,
				51214AC123E9143300FB3332 /* Interstitial.swift */,
				51D6A189242A2942002AD0DB /* ColorScheme.swift */,
				51E829B0237ABF89002EDEE1 /* UserSettings.swift */,
			);
			path = Models;
			sourceTree = "<group>";
		};
		516B71F32393A9A800EAAC0E /* Sound */ = {
			isa = PBXGroup;
			children = (
				515DACDD245E876100A495BA /* bicycle */,
				515DACE0245E876100A495BA /* ghost */,
				515DACDE245E876100A495BA /* home-bell */,
				515DACE2245E876100A495BA /* elevator */,
				515DACDF245E876100A495BA /* single */,
				515DACE1245E876100A495BA /* zen */,
				516B71F42393A9A800EAAC0E /* Default Bell */,
				516B71F52393A9A800EAAC0E /* Tower bell */,
				516B71F62393A9A800EAAC0E /* Bell store door */,
				516B71F72393A9A800EAAC0E /* Cookoo */,
			);
			path = Sound;
			sourceTree = "<group>";
		};
		517F6214234E329F00A05205 = {
			isa = PBXGroup;
			children = (
				51A6F42C235DC72800571F20 /* README.md */,
				517F621F234E329F00A05205 /* T!mer */,
				519D626C243E2D0D00E6C77F /* T!merUITests */,
				51500AE52473355600AAE960 /* T!mer Widget */,
				517F621E234E329F00A05205 /* Products */,
				9703E6DB9B95217C7A8B3E7F /* Pods */,
				8B639722B9B9195751ED024E /* Frameworks */,
			);
			sourceTree = "<group>";
		};
		517F621E234E329F00A05205 /* Products */ = {
			isa = PBXGroup;
			children = (
				517F621D234E329F00A05205 /* T!mer.app */,
				519D626B243E2D0D00E6C77F /* T!merUITests.xctest */,
				51500AE22473355600AAE960 /* T!mer Widget.appex */,
			);
			name = Products;
			sourceTree = "<group>";
		};
		517F621F234E329F00A05205 /* T!mer */ = {
			isa = PBXGroup;
			children = (
				5136238A237AA1D300744BDD /* T!mer.entitlements */,
				5147AB2A24810B3B00C5B571 /* CoreData related */,
				517F6220234E329F00A05205 /* AppDelegate.swift */,
				517F6222234E329F00A05205 /* SceneDelegate.swift */,
				51611C6623658FD800441AD3 /* Models */,
				5180DD99234E41A20074AECC /* View */,
				516B71F32393A9A800EAAC0E /* Sound */,
				517F6226234E32A100A05205 /* Assets.xcassets */,
				517F622B234E32A100A05205 /* LaunchScreen.storyboard */,
				517F622E234E32A100A05205 /* Info.plist */,
				517F6228234E32A100A05205 /* Preview Content */,
				51214AB823E84E0E00FB3332 /* ProductIDs.plist */,
			);
			path = "T!mer";
			sourceTree = "<group>";
		};
		517F6228234E32A100A05205 /* Preview Content */ = {
			isa = PBXGroup;
			children = (
				517F6229234E32A100A05205 /* Preview Assets.xcassets */,
			);
			path = "Preview Content";
			sourceTree = "<group>";
		};
		5180DD99234E41A20074AECC /* View */ = {
			isa = PBXGroup;
			children = (
				5188B05323701C8100A2258F /* MainView */,
				5155C221247FB75D00C30A08 /* Todo */,
				515DACC3245C434C00A495BA /* Update Log */,
				515DACEB245EA55F00A495BA /* Welcome To T!mer */,
				5188B05423701C9700A2258F /* SettingView */,
			);
			path = View;
			sourceTree = "<group>";
		};
		5188B05323701C8100A2258F /* MainView */ = {
			isa = PBXGroup;
			children = (
				517F6224234E329F00A05205 /* ContentView.swift */,
				51A2389B235C2B0C00BF5C42 /* UserTouchCircle.swift */,
				5167E4532368CD88003005AB /* TrailingButtonView.swift */,
			);
			path = MainView;
			sourceTree = "<group>";
		};
		5188B05423701C9700A2258F /* SettingView */ = {
			isa = PBXGroup;
			children = (
				51F13BAE2459F1150021622C /* DEBUG */,
				5180DD97234E419D0074AECC /* SettingPageView.swift */,
				515DACF62460267D00A495BA /* Sound */,
				515DACE9245E8B4200A495BA /* HowToUseThisApp.swift */,
				51D6A185242A261B002AD0DB /* ColorPickerView.swift */,
				517917EB237936700074E5D9 /* SafariView.swift */,
				51B221F323F2618600F924C1 /* IAPView.swift */,
				511FD513245A05880012DCD9 /* MailView.swift */,
			);
			path = SettingView;
			sourceTree = "<group>";
		};
		519D626C243E2D0D00E6C77F /* T!merUITests */ = {
			isa = PBXGroup;
			children = (
				519D626D243E2D0D00E6C77F /* T_merUITests.swift */,
				51F13BAC2459EFA50021622C /* SnapshotHelper.swift */,
				519D626F243E2D0D00E6C77F /* Info.plist */,
			);
			path = "T!merUITests";
			sourceTree = "<group>";
		};
		51F13BAE2459F1150021622C /* DEBUG */ = {
			isa = PBXGroup;
			children = (
				51F13BAF2459F1290021622C /* DebugMenuView.swift */,
			);
			path = DEBUG;
			sourceTree = "<group>";
		};
		8B639722B9B9195751ED024E /* Frameworks */ = {
			isa = PBXGroup;
			children = (
				51DF313523E59A6F008D20D6 /* StoreKit.framework */,
				513EF2FD23E16E1C0013BC9F /* nanopb.framework */,
				513EF2FA23E16E100013BC9F /* GoogleUtilities.framework */,
				51500AE32473355600AAE960 /* NotificationCenter.framework */,
				F678A186EBB83CD62DFB295C /* Pods_T_mer.framework */,
			);
			name = Frameworks;
			sourceTree = "<group>";
		};
		9703E6DB9B95217C7A8B3E7F /* Pods */ = {
			isa = PBXGroup;
			children = (
				4D77C5FC36F25A860B381D00 /* Pods-T!mer.debug.xcconfig */,
				7FBCDC52D36C80059DFE8C29 /* Pods-T!mer.release.xcconfig */,
			);
			path = Pods;
			sourceTree = "<group>";
		};
/* End PBXGroup section */

/* Begin PBXNativeTarget section */
		51500AE12473355600AAE960 /* T!mer Widget */ = {
			isa = PBXNativeTarget;
			buildConfigurationList = 51500AF22473355600AAE960 /* Build configuration list for PBXNativeTarget "T!mer Widget" */;
			buildPhases = (
				51500ADE2473355600AAE960 /* Sources */,
				51500ADF2473355600AAE960 /* Frameworks */,
				51500AE02473355600AAE960 /* Resources */,
			);
			buildRules = (
			);
			dependencies = (
			);
			name = "T!mer Widget";
			productName = "T!mer Widget";
			productReference = 51500AE22473355600AAE960 /* T!mer Widget.appex */;
			productType = "com.apple.product-type.app-extension";
		};
		517F621C234E329F00A05205 /* T!mer */ = {
			isa = PBXNativeTarget;
			buildConfigurationList = 517F6231234E32A100A05205 /* Build configuration list for PBXNativeTarget "T!mer" */;
			buildPhases = (
				A28ECB6E69E092E7A0F773B9 /* [CP] Check Pods Manifest.lock */,
				517F6219234E329F00A05205 /* Sources */,
				517F621A234E329F00A05205 /* Frameworks */,
				517F621B234E329F00A05205 /* Resources */,
				5183F13E23E16CF0003C2095 /* Embed Frameworks */,
				51C395C62460D1BC001C16E5 /* ShellScript */,
				51500AEF2473355600AAE960 /* Embed App Extensions */,
				7702AA392B0DB8B609AFAC92 /* [CP] Embed Pods Frameworks */,
			);
			buildRules = (
			);
			dependencies = (
				51500AED2473355600AAE960 /* PBXTargetDependency */,
			);
			name = "T!mer";
			productName = "T!mer";
			productReference = 517F621D234E329F00A05205 /* T!mer.app */;
			productType = "com.apple.product-type.application";
		};
		519D626A243E2D0D00E6C77F /* T!merUITests */ = {
			isa = PBXNativeTarget;
			buildConfigurationList = 519D6272243E2D0D00E6C77F /* Build configuration list for PBXNativeTarget "T!merUITests" */;
			buildPhases = (
				519D6267243E2D0D00E6C77F /* Sources */,
				519D6268243E2D0D00E6C77F /* Frameworks */,
				519D6269243E2D0D00E6C77F /* Resources */,
			);
			buildRules = (
			);
			dependencies = (
				519D6271243E2D0D00E6C77F /* PBXTargetDependency */,
			);
			name = "T!merUITests";
			productName = "T!merUITests";
			productReference = 519D626B243E2D0D00E6C77F /* T!merUITests.xctest */;
			productType = "com.apple.product-type.bundle.ui-testing";
		};
/* End PBXNativeTarget section */

/* Begin PBXProject section */
		517F6215234E329F00A05205 /* Project object */ = {
			isa = PBXProject;
			attributes = {
				LastSwiftUpdateCheck = 1140;
				LastUpgradeCheck = 1100;
				ORGANIZATIONNAME = "Aksidion Kreimben";
				TargetAttributes = {
					51500AE12473355600AAE960 = {
						CreatedOnToolsVersion = 11.4.1;
					};
					517F621C234E329F00A05205 = {
						CreatedOnToolsVersion = 11.0;
					};
					519D626A243E2D0D00E6C77F = {
						CreatedOnToolsVersion = 11.4;
						TestTargetID = 517F621C234E329F00A05205;
					};
				};
			};
			buildConfigurationList = 517F6218234E329F00A05205 /* Build configuration list for PBXProject "T!mer" */;
			compatibilityVersion = "Xcode 9.3";
			developmentRegion = en;
			hasScannedForEncodings = 0;
			knownRegions = (
				en,
				Base,
			);
			mainGroup = 517F6214234E329F00A05205;
			productRefGroup = 517F621E234E329F00A05205 /* Products */;
			projectDirPath = "";
			projectRoot = "";
			targets = (
				517F621C234E329F00A05205 /* T!mer */,
				519D626A243E2D0D00E6C77F /* T!merUITests */,
				51500AE12473355600AAE960 /* T!mer Widget */,
			);
		};
/* End PBXProject section */

/* Begin PBXResourcesBuildPhase section */
		51500AE02473355600AAE960 /* Resources */ = {
			isa = PBXResourcesBuildPhase;
			buildActionMask = 2147483647;
			files = (
				51500AEA2473355600AAE960 /* MainInterface.storyboard in Resources */,
			);
			runOnlyForDeploymentPostprocessing = 0;
		};
		517F621B234E329F00A05205 /* Resources */ = {
			isa = PBXResourcesBuildPhase;
			buildActionMask = 2147483647;
			files = (
				516B71FB2393A9A800EAAC0E /* Cookoo in Resources */,
				516B71F82393A9A800EAAC0E /* Default Bell in Resources */,
				515DACE3245E876100A495BA /* bicycle in Resources */,
				516B71FA2393A9A800EAAC0E /* Bell store door in Resources */,
				515DACE5245E876100A495BA /* single in Resources */,
				515DACE7245E876100A495BA /* zen in Resources */,
				51214AB923E84E0E00FB3332 /* ProductIDs.plist in Resources */,
				517F622D234E32A100A05205 /* LaunchScreen.storyboard in Resources */,
				515DACE4245E876100A495BA /* home-bell in Resources */,
				517F622A234E32A100A05205 /* Preview Assets.xcassets in Resources */,
				516B71F92393A9A800EAAC0E /* Tower bell in Resources */,
				515DACE8245E876100A495BA /* elevator in Resources */,
				515DACE6245E876100A495BA /* ghost in Resources */,
				517F6227234E32A100A05205 /* Assets.xcassets in Resources */,
			);
			runOnlyForDeploymentPostprocessing = 0;
		};
		519D6269243E2D0D00E6C77F /* Resources */ = {
			isa = PBXResourcesBuildPhase;
			buildActionMask = 2147483647;
			files = (
			);
			runOnlyForDeploymentPostprocessing = 0;
		};
/* End PBXResourcesBuildPhase section */

/* Begin PBXShellScriptBuildPhase section */
		51C395C62460D1BC001C16E5 /* ShellScript */ = {
			isa = PBXShellScriptBuildPhase;
			buildActionMask = 2147483647;
			files = (
			);
			inputFileListPaths = (
			);
			inputPaths = (
			);
			outputFileListPaths = (
			);
			outputPaths = (
			);
			runOnlyForDeploymentPostprocessing = 0;
			shellPath = /bin/sh;
			shellScript = "# Type a script or drag a script file from your workspace to insert its path.\n#if which swiftlint >/dev/null; then\n#  swiftlint\n#else\n#  echo \"warning: SwiftLint not installed, download from https://github.com/realm/SwiftLint\"\n#fi\n";
		};
		7702AA392B0DB8B609AFAC92 /* [CP] Embed Pods Frameworks */ = {
			isa = PBXShellScriptBuildPhase;
			buildActionMask = 2147483647;
			files = (
			);
			inputFileListPaths = (
				"${PODS_ROOT}/Target Support Files/Pods-T!mer/Pods-T!mer-frameworks-${CONFIGURATION}-input-files.xcfilelist",
			);
			name = "[CP] Embed Pods Frameworks";
			outputFileListPaths = (
				"${PODS_ROOT}/Target Support Files/Pods-T!mer/Pods-T!mer-frameworks-${CONFIGURATION}-output-files.xcfilelist",
			);
			runOnlyForDeploymentPostprocessing = 0;
			shellPath = /bin/sh;
			shellScript = "\"${PODS_ROOT}/Target Support Files/Pods-T!mer/Pods-T!mer-frameworks.sh\"\n";
			showEnvVarsInLog = 0;
		};
		A28ECB6E69E092E7A0F773B9 /* [CP] Check Pods Manifest.lock */ = {
			isa = PBXShellScriptBuildPhase;
			buildActionMask = 2147483647;
			files = (
			);
			inputFileListPaths = (
			);
			inputPaths = (
				"${PODS_PODFILE_DIR_PATH}/Podfile.lock",
				"${PODS_ROOT}/Manifest.lock",
			);
			name = "[CP] Check Pods Manifest.lock";
			outputFileListPaths = (
			);
			outputPaths = (
				"$(DERIVED_FILE_DIR)/Pods-T!mer-checkManifestLockResult.txt",
			);
			runOnlyForDeploymentPostprocessing = 0;
			shellPath = /bin/sh;
			shellScript = "diff \"${PODS_PODFILE_DIR_PATH}/Podfile.lock\" \"${PODS_ROOT}/Manifest.lock\" > /dev/null\nif [ $? != 0 ] ; then\n    # print error to STDERR\n    echo \"error: The sandbox is not in sync with the Podfile.lock. Run 'pod install' or update your CocoaPods installation.\" >&2\n    exit 1\nfi\n# This output is used by Xcode 'outputs' to avoid re-running this script phase.\necho \"SUCCESS\" > \"${SCRIPT_OUTPUT_FILE_0}\"\n";
			showEnvVarsInLog = 0;
		};
/* End PBXShellScriptBuildPhase section */

/* Begin PBXSourcesBuildPhase section */
		51500ADE2473355600AAE960 /* Sources */ = {
			isa = PBXSourcesBuildPhase;
			buildActionMask = 2147483647;
			files = (
				51500AFB24733FF900AAE960 /* Assets.xcassets in Sources */,
				51500AFA24733EC300AAE960 /* UserTouchCircle.swift in Sources */,
				51500AF72473399700AAE960 /* ColorScheme.swift in Sources */,
				51500AF62473396E00AAE960 /* UserSettings.swift in Sources */,
				51500AF52473396700AAE960 /* MainController.swift in Sources */,
				51415D262473DE7600A98E3B /* CircleView.swift in Sources */,
				512558C1247412A800020AE2 /* RoundedRectangleView.swift in Sources */,
				51500AE72473355600AAE960 /* TodayViewController.swift in Sources */,
			);
			runOnlyForDeploymentPostprocessing = 0;
		};
		517F6219234E329F00A05205 /* Sources */ = {
			isa = PBXSourcesBuildPhase;
			buildActionMask = 2147483647;
			files = (
				5121EFC1247FB93E00A8EAA4 /* TodoEmptyView.swift in Sources */,
				517F6221234E329F00A05205 /* AppDelegate.swift in Sources */,
				515DACED245EA57500A495BA /* WelcomeTo.swift in Sources */,
				515DACC5245C435B00A495BA /* UpdateLogView.swift in Sources */,
				519787D0248136A7002F29DE /* TimerEntities+CoreDataProperties.swift in Sources */,
				51D6A18A242A2942002AD0DB /* ColorScheme.swift in Sources */,
				5167E4542368CD88003005AB /* TrailingButtonView.swift in Sources */,
				51A2389C235C2B0C00BF5C42 /* UserTouchCircle.swift in Sources */,
				51E829B4237ABF89002EDEE1 /* MainController.swift in Sources */,
				511FD514245A05880012DCD9 /* MailView.swift in Sources */,
				519787D1248136A7002F29DE /* TimerEntities+CoreDataClass.swift in Sources */,
				515DACF5246025A500A495BA /* SelectSoundView.swift in Sources */,
				51B221F423F2618600F924C1 /* IAPView.swift in Sources */,
				51F13BB02459F1290021622C /* DebugMenuView.swift in Sources */,
				517917EC237936700074E5D9 /* SafariView.swift in Sources */,
				5121EFBF247FB90200A8EAA4 /* TodoView.swift in Sources */,
				517F6223234E329F00A05205 /* SceneDelegate.swift in Sources */,
				515DACEA245E8B4200A495BA /* HowToUseThisApp.swift in Sources */,
				5180DD98234E419D0074AECC /* SettingPageView.swift in Sources */,
				517F6225234E329F00A05205 /* ContentView.swift in Sources */,
				515DACC9245D1F9000A495BA /* UpdateLogDetailView.swift in Sources */,
				51113A5E237939BF005309D7 /* SoundPickerView.swift in Sources */,
				51CDE473247CEDB60089B6E0 /* TodoMasterView.swift in Sources */,
				51E829B3237ABF89002EDEE1 /* UserSettings.swift in Sources */,
				51214AC223E9143300FB3332 /* Interstitial.swift in Sources */,
				515DACFA2460271600A495BA /* SelectCircleView.swift in Sources */,
				5147AB292481057100C5B571 /* TimerCoreData.xcdatamodeld in Sources */,
				515DACFC246040BF00A495BA /* SoundPlayerView.swift in Sources */,
				51D6A186242A261B002AD0DB /* ColorPickerView.swift in Sources */,
			);
			runOnlyForDeploymentPostprocessing = 0;
		};
		519D6267243E2D0D00E6C77F /* Sources */ = {
			isa = PBXSourcesBuildPhase;
			buildActionMask = 2147483647;
			files = (
				519D626E243E2D0D00E6C77F /* T_merUITests.swift in Sources */,
				51F13BAD2459EFA50021622C /* SnapshotHelper.swift in Sources */,
			);
			runOnlyForDeploymentPostprocessing = 0;
		};
/* End PBXSourcesBuildPhase section */

/* Begin PBXTargetDependency section */
		51500AED2473355600AAE960 /* PBXTargetDependency */ = {
			isa = PBXTargetDependency;
			target = 51500AE12473355600AAE960 /* T!mer Widget */;
			targetProxy = 51500AEC2473355600AAE960 /* PBXContainerItemProxy */;
		};
		519D6271243E2D0D00E6C77F /* PBXTargetDependency */ = {
			isa = PBXTargetDependency;
			target = 517F621C234E329F00A05205 /* T!mer */;
			targetProxy = 519D6270243E2D0D00E6C77F /* PBXContainerItemProxy */;
		};
/* End PBXTargetDependency section */

/* Begin PBXVariantGroup section */
		51500AE82473355600AAE960 /* MainInterface.storyboard */ = {
			isa = PBXVariantGroup;
			children = (
				51500AE92473355600AAE960 /* Base */,
			);
			name = MainInterface.storyboard;
			sourceTree = "<group>";
		};
		517F622B234E32A100A05205 /* LaunchScreen.storyboard */ = {
			isa = PBXVariantGroup;
			children = (
				517F622C234E32A100A05205 /* Base */,
			);
			name = LaunchScreen.storyboard;
			sourceTree = "<group>";
		};
/* End PBXVariantGroup section */

/* Begin XCBuildConfiguration section */
		51500AF02473355600AAE960 /* Debug */ = {
			isa = XCBuildConfiguration;
			buildSettings = {
				CODE_SIGN_ENTITLEMENTS = "T!mer Widget/T!mer Widget.entitlements";
				CODE_SIGN_STYLE = Automatic;
				CURRENT_PROJECT_VERSION = 200522;
				DEVELOPMENT_TEAM = 7KX7M3M3Y5;
				INFOPLIST_FILE = "T!mer Widget/Info.plist";
				IPHONEOS_DEPLOYMENT_TARGET = 13.0;
				LD_RUNPATH_SEARCH_PATHS = (
					"$(inherited)",
					"@executable_path/Frameworks",
					"@executable_path/../../Frameworks",
				);
				MARKETING_VERSION = 1.3.1;
				PRODUCT_BUNDLE_IDENTIFIER = "com.KreimbenPro.T-mer.T-mer-Widget";
				PRODUCT_NAME = "$(TARGET_NAME)";
				SKIP_INSTALL = YES;
				SWIFT_VERSION = 5.0;
				TARGETED_DEVICE_FAMILY = "1,2";
			};
			name = Debug;
		};
		51500AF12473355600AAE960 /* Release */ = {
			isa = XCBuildConfiguration;
			buildSettings = {
				CODE_SIGN_ENTITLEMENTS = "T!mer Widget/T!mer Widget.entitlements";
				CODE_SIGN_STYLE = Automatic;
				CURRENT_PROJECT_VERSION = 200522;
				DEVELOPMENT_TEAM = 7KX7M3M3Y5;
				INFOPLIST_FILE = "T!mer Widget/Info.plist";
				IPHONEOS_DEPLOYMENT_TARGET = 13.0;
				LD_RUNPATH_SEARCH_PATHS = (
					"$(inherited)",
					"@executable_path/Frameworks",
					"@executable_path/../../Frameworks",
				);
				MARKETING_VERSION = 1.3.1;
				PRODUCT_BUNDLE_IDENTIFIER = "com.KreimbenPro.T-mer.T-mer-Widget";
				PRODUCT_NAME = "$(TARGET_NAME)";
				SKIP_INSTALL = YES;
				SWIFT_VERSION = 5.0;
				TARGETED_DEVICE_FAMILY = "1,2";
			};
			name = Release;
		};
		517F622F234E32A100A05205 /* Debug */ = {
			isa = XCBuildConfiguration;
			buildSettings = {
				ALWAYS_SEARCH_USER_PATHS = NO;
				CLANG_ANALYZER_NONNULL = YES;
				CLANG_ANALYZER_NUMBER_OBJECT_CONVERSION = YES_AGGRESSIVE;
				CLANG_CXX_LANGUAGE_STANDARD = "gnu++14";
				CLANG_CXX_LIBRARY = "libc++";
				CLANG_ENABLE_MODULES = YES;
				CLANG_ENABLE_OBJC_ARC = YES;
				CLANG_ENABLE_OBJC_WEAK = YES;
				CLANG_WARN_BLOCK_CAPTURE_AUTORELEASING = YES;
				CLANG_WARN_BOOL_CONVERSION = YES;
				CLANG_WARN_COMMA = YES;
				CLANG_WARN_CONSTANT_CONVERSION = YES;
				CLANG_WARN_DEPRECATED_OBJC_IMPLEMENTATIONS = YES;
				CLANG_WARN_DIRECT_OBJC_ISA_USAGE = YES_ERROR;
				CLANG_WARN_DOCUMENTATION_COMMENTS = YES;
				CLANG_WARN_EMPTY_BODY = YES;
				CLANG_WARN_ENUM_CONVERSION = YES;
				CLANG_WARN_INFINITE_RECURSION = YES;
				CLANG_WARN_INT_CONVERSION = YES;
				CLANG_WARN_NON_LITERAL_NULL_CONVERSION = YES;
				CLANG_WARN_OBJC_IMPLICIT_RETAIN_SELF = YES;
				CLANG_WARN_OBJC_LITERAL_CONVERSION = YES;
				CLANG_WARN_OBJC_ROOT_CLASS = YES_ERROR;
				CLANG_WARN_RANGE_LOOP_ANALYSIS = YES;
				CLANG_WARN_STRICT_PROTOTYPES = YES;
				CLANG_WARN_SUSPICIOUS_MOVE = YES;
				CLANG_WARN_UNGUARDED_AVAILABILITY = YES_AGGRESSIVE;
				CLANG_WARN_UNREACHABLE_CODE = YES;
				CLANG_WARN__DUPLICATE_METHOD_MATCH = YES;
				COPY_PHASE_STRIP = NO;
				DEBUG_INFORMATION_FORMAT = dwarf;
				ENABLE_STRICT_OBJC_MSGSEND = YES;
				ENABLE_TESTABILITY = YES;
				GCC_C_LANGUAGE_STANDARD = gnu11;
				GCC_DYNAMIC_NO_PIC = NO;
				GCC_NO_COMMON_BLOCKS = YES;
				GCC_OPTIMIZATION_LEVEL = 0;
				GCC_PREPROCESSOR_DEFINITIONS = (
					"DEBUG=1",
					"$(inherited)",
				);
				GCC_WARN_64_TO_32_BIT_CONVERSION = YES;
				GCC_WARN_ABOUT_RETURN_TYPE = YES_ERROR;
				GCC_WARN_UNDECLARED_SELECTOR = YES;
				GCC_WARN_UNINITIALIZED_AUTOS = YES_AGGRESSIVE;
				GCC_WARN_UNUSED_FUNCTION = YES;
				GCC_WARN_UNUSED_VARIABLE = YES;
				IPHONEOS_DEPLOYMENT_TARGET = 13.0;
				MTL_ENABLE_DEBUG_INFO = INCLUDE_SOURCE;
				MTL_FAST_MATH = YES;
				ONLY_ACTIVE_ARCH = YES;
				SDKROOT = iphoneos;
				SWIFT_ACTIVE_COMPILATION_CONDITIONS = DEBUG;
				SWIFT_OPTIMIZATION_LEVEL = "-Onone";
			};
			name = Debug;
		};
		517F6230234E32A100A05205 /* Release */ = {
			isa = XCBuildConfiguration;
			buildSettings = {
				ALWAYS_SEARCH_USER_PATHS = NO;
				CLANG_ANALYZER_NONNULL = YES;
				CLANG_ANALYZER_NUMBER_OBJECT_CONVERSION = YES_AGGRESSIVE;
				CLANG_CXX_LANGUAGE_STANDARD = "gnu++14";
				CLANG_CXX_LIBRARY = "libc++";
				CLANG_ENABLE_MODULES = YES;
				CLANG_ENABLE_OBJC_ARC = YES;
				CLANG_ENABLE_OBJC_WEAK = YES;
				CLANG_WARN_BLOCK_CAPTURE_AUTORELEASING = YES;
				CLANG_WARN_BOOL_CONVERSION = YES;
				CLANG_WARN_COMMA = YES;
				CLANG_WARN_CONSTANT_CONVERSION = YES;
				CLANG_WARN_DEPRECATED_OBJC_IMPLEMENTATIONS = YES;
				CLANG_WARN_DIRECT_OBJC_ISA_USAGE = YES_ERROR;
				CLANG_WARN_DOCUMENTATION_COMMENTS = YES;
				CLANG_WARN_EMPTY_BODY = YES;
				CLANG_WARN_ENUM_CONVERSION = YES;
				CLANG_WARN_INFINITE_RECURSION = YES;
				CLANG_WARN_INT_CONVERSION = YES;
				CLANG_WARN_NON_LITERAL_NULL_CONVERSION = YES;
				CLANG_WARN_OBJC_IMPLICIT_RETAIN_SELF = YES;
				CLANG_WARN_OBJC_LITERAL_CONVERSION = YES;
				CLANG_WARN_OBJC_ROOT_CLASS = YES_ERROR;
				CLANG_WARN_RANGE_LOOP_ANALYSIS = YES;
				CLANG_WARN_STRICT_PROTOTYPES = YES;
				CLANG_WARN_SUSPICIOUS_MOVE = YES;
				CLANG_WARN_UNGUARDED_AVAILABILITY = YES_AGGRESSIVE;
				CLANG_WARN_UNREACHABLE_CODE = YES;
				CLANG_WARN__DUPLICATE_METHOD_MATCH = YES;
				COPY_PHASE_STRIP = NO;
				DEBUG_INFORMATION_FORMAT = "dwarf-with-dsym";
				ENABLE_NS_ASSERTIONS = NO;
				ENABLE_STRICT_OBJC_MSGSEND = YES;
				GCC_C_LANGUAGE_STANDARD = gnu11;
				GCC_NO_COMMON_BLOCKS = YES;
				GCC_WARN_64_TO_32_BIT_CONVERSION = YES;
				GCC_WARN_ABOUT_RETURN_TYPE = YES_ERROR;
				GCC_WARN_UNDECLARED_SELECTOR = YES;
				GCC_WARN_UNINITIALIZED_AUTOS = YES_AGGRESSIVE;
				GCC_WARN_UNUSED_FUNCTION = YES;
				GCC_WARN_UNUSED_VARIABLE = YES;
				IPHONEOS_DEPLOYMENT_TARGET = 13.0;
				MTL_ENABLE_DEBUG_INFO = NO;
				MTL_FAST_MATH = YES;
				SDKROOT = iphoneos;
				SWIFT_COMPILATION_MODE = wholemodule;
				SWIFT_OPTIMIZATION_LEVEL = "-O";
				VALIDATE_PRODUCT = YES;
			};
			name = Release;
		};
		517F6232234E32A100A05205 /* Debug */ = {
			isa = XCBuildConfiguration;
			baseConfigurationReference = 4D77C5FC36F25A860B381D00 /* Pods-T!mer.debug.xcconfig */;
			buildSettings = {
				ALWAYS_EMBED_SWIFT_STANDARD_LIBRARIES = YES;
				ASSETCATALOG_COMPILER_APPICON_NAME = AppIcon;
				CODE_SIGN_ENTITLEMENTS = "T!mer/T!mer.entitlements";
				CODE_SIGN_STYLE = Automatic;
				CURRENT_PROJECT_VERSION = 200713;
				DEVELOPMENT_ASSET_PATHS = "\"T!mer/Preview Content\"";
				DEVELOPMENT_TEAM = 7KX7M3M3Y5;
				ENABLE_PREVIEWS = YES;
				INFOPLIST_FILE = "T!mer/Info.plist";
				IPHONEOS_DEPLOYMENT_TARGET = 13.0;
				LD_RUNPATH_SEARCH_PATHS = (
					"$(inherited)",
					"@executable_path/Frameworks",
				);
				MARKETING_VERSION = 1.4.0;
				PRODUCT_BUNDLE_IDENTIFIER = "com.KreimbenPro.T-mer";
				PRODUCT_NAME = "$(TARGET_NAME)";
				SUPPORTS_MACCATALYST = NO;
				SWIFT_VERSION = 5.0;
				TARGETED_DEVICE_FAMILY = 1;
			};
			name = Debug;
		};
		517F6233234E32A100A05205 /* Release */ = {
			isa = XCBuildConfiguration;
			baseConfigurationReference = 7FBCDC52D36C80059DFE8C29 /* Pods-T!mer.release.xcconfig */;
			buildSettings = {
				ALWAYS_EMBED_SWIFT_STANDARD_LIBRARIES = YES;
				ASSETCATALOG_COMPILER_APPICON_NAME = AppIcon;
				CODE_SIGN_ENTITLEMENTS = "T!mer/T!mer.entitlements";
				CODE_SIGN_STYLE = Automatic;
				CURRENT_PROJECT_VERSION = 200713;
				DEVELOPMENT_ASSET_PATHS = "\"T!mer/Preview Content\"";
				DEVELOPMENT_TEAM = 7KX7M3M3Y5;
				ENABLE_PREVIEWS = YES;
				INFOPLIST_FILE = "T!mer/Info.plist";
				IPHONEOS_DEPLOYMENT_TARGET = 13.0;
				LD_RUNPATH_SEARCH_PATHS = (
					"$(inherited)",
					"@executable_path/Frameworks",
				);
				MARKETING_VERSION = 1.4.0;
				PRODUCT_BUNDLE_IDENTIFIER = "com.KreimbenPro.T-mer";
				PRODUCT_NAME = "$(TARGET_NAME)";
				SUPPORTS_MACCATALYST = NO;
				SWIFT_VERSION = 5.0;
				TARGETED_DEVICE_FAMILY = 1;
			};
			name = Release;
		};
		519D6273243E2D0D00E6C77F /* Debug */ = {
			isa = XCBuildConfiguration;
			buildSettings = {
				CODE_SIGN_STYLE = Automatic;
				DEVELOPMENT_TEAM = 7KX7M3M3Y5;
				INFOPLIST_FILE = "T!merUITests/Info.plist";
				IPHONEOS_DEPLOYMENT_TARGET = 13.4;
				LD_RUNPATH_SEARCH_PATHS = (
					"$(inherited)",
					"@executable_path/Frameworks",
					"@loader_path/Frameworks",
				);
				PRODUCT_BUNDLE_IDENTIFIER = "com.KreimbenPro.T-merUITests";
				PRODUCT_NAME = "$(TARGET_NAME)";
				SWIFT_VERSION = 5.0;
				TARGETED_DEVICE_FAMILY = "1,2";
				TEST_TARGET_NAME = "T!mer";
			};
			name = Debug;
		};
		519D6274243E2D0D00E6C77F /* Release */ = {
			isa = XCBuildConfiguration;
			buildSettings = {
				CODE_SIGN_STYLE = Automatic;
				DEVELOPMENT_TEAM = 7KX7M3M3Y5;
				INFOPLIST_FILE = "T!merUITests/Info.plist";
				IPHONEOS_DEPLOYMENT_TARGET = 13.4;
				LD_RUNPATH_SEARCH_PATHS = (
					"$(inherited)",
					"@executable_path/Frameworks",
					"@loader_path/Frameworks",
				);
				PRODUCT_BUNDLE_IDENTIFIER = "com.KreimbenPro.T-merUITests";
				PRODUCT_NAME = "$(TARGET_NAME)";
				SWIFT_VERSION = 5.0;
				TARGETED_DEVICE_FAMILY = "1,2";
				TEST_TARGET_NAME = "T!mer";
			};
			name = Release;
		};
/* End XCBuildConfiguration section */

/* Begin XCConfigurationList section */
		51500AF22473355600AAE960 /* Build configuration list for PBXNativeTarget "T!mer Widget" */ = {
			isa = XCConfigurationList;
			buildConfigurations = (
				51500AF02473355600AAE960 /* Debug */,
				51500AF12473355600AAE960 /* Release */,
			);
			defaultConfigurationIsVisible = 0;
			defaultConfigurationName = Release;
		};
		517F6218234E329F00A05205 /* Build configuration list for PBXProject "T!mer" */ = {
			isa = XCConfigurationList;
			buildConfigurations = (
				517F622F234E32A100A05205 /* Debug */,
				517F6230234E32A100A05205 /* Release */,
			);
			defaultConfigurationIsVisible = 0;
			defaultConfigurationName = Release;
		};
		517F6231234E32A100A05205 /* Build configuration list for PBXNativeTarget "T!mer" */ = {
			isa = XCConfigurationList;
			buildConfigurations = (
				517F6232234E32A100A05205 /* Debug */,
				517F6233234E32A100A05205 /* Release */,
			);
			defaultConfigurationIsVisible = 0;
			defaultConfigurationName = Release;
		};
		519D6272243E2D0D00E6C77F /* Build configuration list for PBXNativeTarget "T!merUITests" */ = {
			isa = XCConfigurationList;
			buildConfigurations = (
				519D6273243E2D0D00E6C77F /* Debug */,
				519D6274243E2D0D00E6C77F /* Release */,
			);
			defaultConfigurationIsVisible = 0;
			defaultConfigurationName = Release;
		};
/* End XCConfigurationList section */

/* Begin XCVersionGroup section */
		5147AB272481057100C5B571 /* TimerCoreData.xcdatamodeld */ = {
			isa = XCVersionGroup;
			children = (
				5147AB282481057100C5B571 /* TimerCoreData.xcdatamodel */,
			);
			currentVersion = 5147AB282481057100C5B571 /* TimerCoreData.xcdatamodel */;
			path = TimerCoreData.xcdatamodeld;
			sourceTree = "<group>";
			versionGroupType = wrapper.xcdatamodel;
		};
/* End XCVersionGroup section */
	};
	rootObject = 517F6215234E329F00A05205 /* Project object */;
}
